// !$*UTF8*$!
{
	archiveVersion = 1;
	classes = {
	};
	objectVersion = 46;
	objects = {

/* Begin PBXBuildFile section */
		19BE2981BC1D792B70F481ED /* ViewController.swift in Sources */ = {isa = PBXBuildFile; fileRef = 19BE2D973A123BFC76BE2292 /* ViewController.swift */; };
		19BE2B21DB9973A0C3B19B7B /* AppDelegate.swift in Sources */ = {isa = PBXBuildFile; fileRef = 19BE29E6E5C2FC52BAB3F75C /* AppDelegate.swift */; };
		19BE2C3C63163FF0E0CAAC2E /* Assets.xcassets in Resources */ = {isa = PBXBuildFile; fileRef = 19BE28FE720A256E0EF612F8 /* Assets.xcassets */; };
		19BE2E05634DDA78E8443CF9 /* Medicare.xcdatamodeld in Sources */ = {isa = PBXBuildFile; fileRef = 19BE2364CCF1278FB29470D9 /* Medicare.xcdatamodeld */; };
		19BE2ED67B4607B0BC516C4D /* LaunchScreen.storyboard in Resources */ = {isa = PBXBuildFile; fileRef = 19BE269FD22A50BCF4FEEB53 /* LaunchScreen.storyboard */; };
		991AC976588CF54EAB902341 /* Pods_Medicare.framework in Frameworks */ = {isa = PBXBuildFile; fileRef = 49BE9B9159D3F896E2655D05 /* Pods_Medicare.framework */; };
		A96FF6E428681E65005DAEB0 /* Extensions.swift in Sources */ = {isa = PBXBuildFile; fileRef = A96FF6E328681E65005DAEB0 /* Extensions.swift */; };
		A96FF6E828681F09005DAEB0 /* LoginViewController.swift in Sources */ = {isa = PBXBuildFile; fileRef = A96FF6E728681F09005DAEB0 /* LoginViewController.swift */; };
		A96FF6EA28681FC8005DAEB0 /* LoginView.swift in Sources */ = {isa = PBXBuildFile; fileRef = A96FF6E928681FC8005DAEB0 /* LoginView.swift */; };
		A96FF6F028682136005DAEB0 /* Montserrat-Bold.ttf in Resources */ = {isa = PBXBuildFile; fileRef = A96FF6EC28682136005DAEB0 /* Montserrat-Bold.ttf */; };
		A96FF6F128682136005DAEB0 /* Montserrat-Regular.ttf in Resources */ = {isa = PBXBuildFile; fileRef = A96FF6ED28682136005DAEB0 /* Montserrat-Regular.ttf */; };
		A96FF6F228682136005DAEB0 /* Montserrat-ExtraBold.ttf in Resources */ = {isa = PBXBuildFile; fileRef = A96FF6EE28682136005DAEB0 /* Montserrat-ExtraBold.ttf */; };
		A96FF6F328682136005DAEB0 /* Montserrat-Italic.ttf in Resources */ = {isa = PBXBuildFile; fileRef = A96FF6EF28682136005DAEB0 /* Montserrat-Italic.ttf */; };
		A96FF6F828686AF7005DAEB0 /* Register.storyboard in Resources */ = {isa = PBXBuildFile; fileRef = A96FF6F728686AF7005DAEB0 /* Register.storyboard */; };
		A96FF6FA28686B45005DAEB0 /* RegisterViewController.swift in Sources */ = {isa = PBXBuildFile; fileRef = A96FF6F928686B45005DAEB0 /* RegisterViewController.swift */; };
		A96FF6FD286872C6005DAEB0 /* LoginResponseModel.swift in Sources */ = {isa = PBXBuildFile; fileRef = A96FF6FC286872C6005DAEB0 /* LoginResponseModel.swift */; };
		A96FF702286877D6005DAEB0 /* LoginViewModel.swift in Sources */ = {isa = PBXBuildFile; fileRef = A96FF701286877D6005DAEB0 /* LoginViewModel.swift */; };
		A96FF704286877F0005DAEB0 /* Constants.swift in Sources */ = {isa = PBXBuildFile; fileRef = A96FF703286877F0005DAEB0 /* Constants.swift */; };
		A977190D2869DA2C006B2C78 /* Home.storyboard in Resources */ = {isa = PBXBuildFile; fileRef = A977190C2869DA2C006B2C78 /* Home.storyboard */; };
		A977190F2869DA34006B2C78 /* HomeViewController.swift in Sources */ = {isa = PBXBuildFile; fileRef = A977190E2869DA34006B2C78 /* HomeViewController.swift */; };
		A97719132869DA6E006B2C78 /* Cart.storyboard in Resources */ = {isa = PBXBuildFile; fileRef = A97719122869DA6E006B2C78 /* Cart.storyboard */; };
		A97719152869DA75006B2C78 /* CartViewController.swift in Sources */ = {isa = PBXBuildFile; fileRef = A97719142869DA75006B2C78 /* CartViewController.swift */; };
		A97719192869DA96006B2C78 /* Search.storyboard in Resources */ = {isa = PBXBuildFile; fileRef = A97719182869DA96006B2C78 /* Search.storyboard */; };
		A977191B2869DA9F006B2C78 /* SearchViewController.swift in Sources */ = {isa = PBXBuildFile; fileRef = A977191A2869DA9F006B2C78 /* SearchViewController.swift */; };
		A97719202869DAE6006B2C78 /* More.storyboard in Resources */ = {isa = PBXBuildFile; fileRef = A977191F2869DAE6006B2C78 /* More.storyboard */; };
		A97719222869DAED006B2C78 /* MoreViewController.swift in Sources */ = {isa = PBXBuildFile; fileRef = A97719212869DAED006B2C78 /* MoreViewController.swift */; };
		A97719242869DBA6006B2C78 /* Spinner.swift in Sources */ = {isa = PBXBuildFile; fileRef = A97719232869DBA6006B2C78 /* Spinner.swift */; };
		A977192D286B4995006B2C78 /* VendorHome.storyboard in Resources */ = {isa = PBXBuildFile; fileRef = A977192C286B4994006B2C78 /* VendorHome.storyboard */; };
		A977192F286B499F006B2C78 /* VendorHomeViewController.swift in Sources */ = {isa = PBXBuildFile; fileRef = A977192E286B499F006B2C78 /* VendorHomeViewController.swift */; };
		A9771933286B49C8006B2C78 /* VendorProducts.storyboard in Resources */ = {isa = PBXBuildFile; fileRef = A9771932286B49C8006B2C78 /* VendorProducts.storyboard */; };
		A9771935286B49CF006B2C78 /* VendorProductsViewController.swift in Sources */ = {isa = PBXBuildFile; fileRef = A9771934286B49CF006B2C78 /* VendorProductsViewController.swift */; };
		A9771939286B4A09006B2C78 /* VendorOrders.storyboard in Resources */ = {isa = PBXBuildFile; fileRef = A9771938286B4A09006B2C78 /* VendorOrders.storyboard */; };
		A977193B286B4A11006B2C78 /* VendorOrdersViewController.swift in Sources */ = {isa = PBXBuildFile; fileRef = A977193A286B4A11006B2C78 /* VendorOrdersViewController.swift */; };
		A977193F286B4A38006B2C78 /* VendorMore.storyboard in Resources */ = {isa = PBXBuildFile; fileRef = A977193E286B4A38006B2C78 /* VendorMore.storyboard */; };
		A9771941286B4A42006B2C78 /* VendorMoreViewController.swift in Sources */ = {isa = PBXBuildFile; fileRef = A9771940286B4A42006B2C78 /* VendorMoreViewController.swift */; };
/* End PBXBuildFile section */

/* Begin PBXFileReference section */
		19BE23F000397481FAB8BB8C /* Info.plist */ = {isa = PBXFileReference; lastKnownFileType = text.plist.xml; path = Info.plist; sourceTree = "<group>"; };
		19BE25DBAF8243AC4F14310B /* Base */ = {isa = PBXFileReference; lastKnownFileType = file.storyboard; name = Base; path = Base.lproj/LaunchScreen.storyboard; sourceTree = "<group>"; };
		19BE277A56AA79EC5C31C24D /* Medicare.xcdatamodel */ = {isa = PBXFileReference; lastKnownFileType = wrapper.xcdatamodel; path = Medicare.xcdatamodel; sourceTree = "<group>"; };
		19BE28FE720A256E0EF612F8 /* Assets.xcassets */ = {isa = PBXFileReference; lastKnownFileType = folder.assetcatalog; path = Assets.xcassets; sourceTree = "<group>"; };
		19BE29E6E5C2FC52BAB3F75C /* AppDelegate.swift */ = {isa = PBXFileReference; lastKnownFileType = sourcecode.swift; path = AppDelegate.swift; sourceTree = "<group>"; };
		19BE2D973A123BFC76BE2292 /* ViewController.swift */ = {isa = PBXFileReference; lastKnownFileType = sourcecode.swift; path = ViewController.swift; sourceTree = "<group>"; };
		19BE2E7EE4DD36221732B811 /* Medicare.app */ = {isa = PBXFileReference; explicitFileType = wrapper.application; includeInIndex = 0; path = Medicare.app; sourceTree = BUILT_PRODUCTS_DIR; };
		49BE9B9159D3F896E2655D05 /* Pods_Medicare.framework */ = {isa = PBXFileReference; explicitFileType = wrapper.framework; includeInIndex = 0; path = Pods_Medicare.framework; sourceTree = BUILT_PRODUCTS_DIR; };
		566204411894E8267EECDB49 /* Pods-Medicare.debug.xcconfig */ = {isa = PBXFileReference; includeInIndex = 1; lastKnownFileType = text.xcconfig; name = "Pods-Medicare.debug.xcconfig"; path = "Target Support Files/Pods-Medicare/Pods-Medicare.debug.xcconfig"; sourceTree = "<group>"; };
		A96FF6E328681E65005DAEB0 /* Extensions.swift */ = {isa = PBXFileReference; lastKnownFileType = sourcecode.swift; path = Extensions.swift; sourceTree = "<group>"; };
		A96FF6E728681F09005DAEB0 /* LoginViewController.swift */ = {isa = PBXFileReference; lastKnownFileType = sourcecode.swift; path = LoginViewController.swift; sourceTree = "<group>"; };
		A96FF6E928681FC8005DAEB0 /* LoginView.swift */ = {isa = PBXFileReference; lastKnownFileType = sourcecode.swift; path = LoginView.swift; sourceTree = "<group>"; };
		A96FF6EC28682136005DAEB0 /* Montserrat-Bold.ttf */ = {isa = PBXFileReference; lastKnownFileType = file; path = "Montserrat-Bold.ttf"; sourceTree = "<group>"; };
		A96FF6ED28682136005DAEB0 /* Montserrat-Regular.ttf */ = {isa = PBXFileReference; lastKnownFileType = file; path = "Montserrat-Regular.ttf"; sourceTree = "<group>"; };
		A96FF6EE28682136005DAEB0 /* Montserrat-ExtraBold.ttf */ = {isa = PBXFileReference; lastKnownFileType = file; path = "Montserrat-ExtraBold.ttf"; sourceTree = "<group>"; };
		A96FF6EF28682136005DAEB0 /* Montserrat-Italic.ttf */ = {isa = PBXFileReference; lastKnownFileType = file; path = "Montserrat-Italic.ttf"; sourceTree = "<group>"; };
		A96FF6F728686AF7005DAEB0 /* Register.storyboard */ = {isa = PBXFileReference; lastKnownFileType = file.storyboard; path = Register.storyboard; sourceTree = "<group>"; };
		A96FF6F928686B45005DAEB0 /* RegisterViewController.swift */ = {isa = PBXFileReference; lastKnownFileType = sourcecode.swift; path = RegisterViewController.swift; sourceTree = "<group>"; };
		A96FF6FC286872C6005DAEB0 /* LoginResponseModel.swift */ = {isa = PBXFileReference; lastKnownFileType = sourcecode.swift; path = LoginResponseModel.swift; sourceTree = "<group>"; };
		A96FF701286877D6005DAEB0 /* LoginViewModel.swift */ = {isa = PBXFileReference; lastKnownFileType = sourcecode.swift; path = LoginViewModel.swift; sourceTree = "<group>"; };
		A96FF703286877F0005DAEB0 /* Constants.swift */ = {isa = PBXFileReference; lastKnownFileType = sourcecode.swift; path = Constants.swift; sourceTree = "<group>"; };
		A977190C2869DA2C006B2C78 /* Home.storyboard */ = {isa = PBXFileReference; lastKnownFileType = file.storyboard; path = Home.storyboard; sourceTree = "<group>"; };
		A977190E2869DA34006B2C78 /* HomeViewController.swift */ = {isa = PBXFileReference; lastKnownFileType = sourcecode.swift; path = HomeViewController.swift; sourceTree = "<group>"; };
		A97719122869DA6E006B2C78 /* Cart.storyboard */ = {isa = PBXFileReference; lastKnownFileType = file.storyboard; path = Cart.storyboard; sourceTree = "<group>"; };
		A97719142869DA75006B2C78 /* CartViewController.swift */ = {isa = PBXFileReference; lastKnownFileType = sourcecode.swift; path = CartViewController.swift; sourceTree = "<group>"; };
		A97719182869DA96006B2C78 /* Search.storyboard */ = {isa = PBXFileReference; lastKnownFileType = file.storyboard; path = Search.storyboard; sourceTree = "<group>"; };
		A977191A2869DA9F006B2C78 /* SearchViewController.swift */ = {isa = PBXFileReference; lastKnownFileType = sourcecode.swift; path = SearchViewController.swift; sourceTree = "<group>"; };
		A977191F2869DAE6006B2C78 /* More.storyboard */ = {isa = PBXFileReference; lastKnownFileType = file.storyboard; path = More.storyboard; sourceTree = "<group>"; };
		A97719212869DAED006B2C78 /* MoreViewController.swift */ = {isa = PBXFileReference; lastKnownFileType = sourcecode.swift; path = MoreViewController.swift; sourceTree = "<group>"; };
		A97719232869DBA6006B2C78 /* Spinner.swift */ = {isa = PBXFileReference; fileEncoding = 4; lastKnownFileType = sourcecode.swift; path = Spinner.swift; sourceTree = "<group>"; };
		A977192C286B4994006B2C78 /* VendorHome.storyboard */ = {isa = PBXFileReference; lastKnownFileType = file.storyboard; path = VendorHome.storyboard; sourceTree = "<group>"; };
		A977192E286B499F006B2C78 /* VendorHomeViewController.swift */ = {isa = PBXFileReference; lastKnownFileType = sourcecode.swift; path = VendorHomeViewController.swift; sourceTree = "<group>"; };
		A9771932286B49C8006B2C78 /* VendorProducts.storyboard */ = {isa = PBXFileReference; lastKnownFileType = file.storyboard; path = VendorProducts.storyboard; sourceTree = "<group>"; };
		A9771934286B49CF006B2C78 /* VendorProductsViewController.swift */ = {isa = PBXFileReference; lastKnownFileType = sourcecode.swift; path = VendorProductsViewController.swift; sourceTree = "<group>"; };
		A9771938286B4A09006B2C78 /* VendorOrders.storyboard */ = {isa = PBXFileReference; lastKnownFileType = file.storyboard; path = VendorOrders.storyboard; sourceTree = "<group>"; };
		A977193A286B4A11006B2C78 /* VendorOrdersViewController.swift */ = {isa = PBXFileReference; lastKnownFileType = sourcecode.swift; path = VendorOrdersViewController.swift; sourceTree = "<group>"; };
		A977193E286B4A38006B2C78 /* VendorMore.storyboard */ = {isa = PBXFileReference; lastKnownFileType = file.storyboard; path = VendorMore.storyboard; sourceTree = "<group>"; };
		A9771940286B4A42006B2C78 /* VendorMoreViewController.swift */ = {isa = PBXFileReference; lastKnownFileType = sourcecode.swift; path = VendorMoreViewController.swift; sourceTree = "<group>"; };
		FFCCA895342D70C366279517 /* Pods-Medicare.release.xcconfig */ = {isa = PBXFileReference; includeInIndex = 1; lastKnownFileType = text.xcconfig; name = "Pods-Medicare.release.xcconfig"; path = "Target Support Files/Pods-Medicare/Pods-Medicare.release.xcconfig"; sourceTree = "<group>"; };
/* End PBXFileReference section */

/* Begin PBXFrameworksBuildPhase section */
		19BE2888443655C628C517B0 /* Frameworks */ = {
			isa = PBXFrameworksBuildPhase;
			buildActionMask = 2147483647;
			files = (
				991AC976588CF54EAB902341 /* Pods_Medicare.framework in Frameworks */,
			);
			runOnlyForDeploymentPostprocessing = 0;
		};
/* End PBXFrameworksBuildPhase section */

/* Begin PBXGroup section */
		19BE227DBA2FC177171F7DB0 /* Medicare */ = {
			isa = PBXGroup;
			children = (
				A97719232869DBA6006B2C78 /* Spinner.swift */,
				A97718F32869D809006B2C78 /* Admin App */,
				A97718F22869D804006B2C78 /* Vendor App */,
				A97718F12869D7FB006B2C78 /* Normal User App */,
				A96FF6F428686AE1005DAEB0 /* Register */,
				A96FF6E628681EF6005DAEB0 /* Login */,
				A96FF6E528681EDD005DAEB0 /* MIsc */,
				19BE2D973A123BFC76BE2292 /* ViewController.swift */,
				A96FF6E328681E65005DAEB0 /* Extensions.swift */,
				A96FF703286877F0005DAEB0 /* Constants.swift */,
			);
			path = Medicare;
			sourceTree = "<group>";
		};
		19BE280EF145226CB5F6A747 /* Products */ = {
			isa = PBXGroup;
			children = (
				19BE2E7EE4DD36221732B811 /* Medicare.app */,
			);
			name = Products;
			sourceTree = "<group>";
		};
		19BE2D502FE0F158C61916C7 = {
			isa = PBXGroup;
			children = (
				19BE280EF145226CB5F6A747 /* Products */,
				19BE227DBA2FC177171F7DB0 /* Medicare */,
				29F188B174A016FD468FDBFB /* Pods */,
				C96724B5822CDB397C0235C2 /* Frameworks */,
			);
			sourceTree = "<group>";
		};
		29F188B174A016FD468FDBFB /* Pods */ = {
			isa = PBXGroup;
			children = (
				566204411894E8267EECDB49 /* Pods-Medicare.debug.xcconfig */,
				FFCCA895342D70C366279517 /* Pods-Medicare.release.xcconfig */,
			);
			path = Pods;
			sourceTree = "<group>";
		};
		A96FF6E528681EDD005DAEB0 /* MIsc */ = {
			isa = PBXGroup;
			children = (
				A96FF6EB28682112005DAEB0 /* Fonts */,
				19BE28FE720A256E0EF612F8 /* Assets.xcassets */,
				19BE29E6E5C2FC52BAB3F75C /* AppDelegate.swift */,
				19BE269FD22A50BCF4FEEB53 /* LaunchScreen.storyboard */,
				19BE2364CCF1278FB29470D9 /* Medicare.xcdatamodeld */,
				19BE23F000397481FAB8BB8C /* Info.plist */,
			);
			path = MIsc;
			sourceTree = "<group>";
		};
		A96FF6E628681EF6005DAEB0 /* Login */ = {
			isa = PBXGroup;
			children = (
				A96FF700286877C7005DAEB0 /* ViewModel */,
				A96FF6FB286872B5005DAEB0 /* Model */,
				A96FF6E728681F09005DAEB0 /* LoginViewController.swift */,
				A96FF6E928681FC8005DAEB0 /* LoginView.swift */,
			);
			path = Login;
			sourceTree = "<group>";
		};
		A96FF6EB28682112005DAEB0 /* Fonts */ = {
			isa = PBXGroup;
			children = (
				A96FF6EC28682136005DAEB0 /* Montserrat-Bold.ttf */,
				A96FF6EE28682136005DAEB0 /* Montserrat-ExtraBold.ttf */,
				A96FF6EF28682136005DAEB0 /* Montserrat-Italic.ttf */,
				A96FF6ED28682136005DAEB0 /* Montserrat-Regular.ttf */,
			);
			path = Fonts;
			sourceTree = "<group>";
		};
		A96FF6F428686AE1005DAEB0 /* Register */ = {
			isa = PBXGroup;
			children = (
				A96FF6F628686AEA005DAEB0 /* viewcontroller */,
				A96FF6F528686AE5005DAEB0 /* storyboard */,
			);
			path = Register;
			sourceTree = "<group>";
		};
		A96FF6F528686AE5005DAEB0 /* storyboard */ = {
			isa = PBXGroup;
			children = (
				A96FF6F728686AF7005DAEB0 /* Register.storyboard */,
			);
			path = storyboard;
			sourceTree = "<group>";
		};
		A96FF6F628686AEA005DAEB0 /* viewcontroller */ = {
			isa = PBXGroup;
			children = (
				A96FF6F928686B45005DAEB0 /* RegisterViewController.swift */,
			);
			path = viewcontroller;
			sourceTree = "<group>";
		};
		A96FF6FB286872B5005DAEB0 /* Model */ = {
			isa = PBXGroup;
			children = (
				A96FF6FC286872C6005DAEB0 /* LoginResponseModel.swift */,
			);
			path = Model;
			sourceTree = "<group>";
		};
		A96FF700286877C7005DAEB0 /* ViewModel */ = {
			isa = PBXGroup;
			children = (
				A96FF701286877D6005DAEB0 /* LoginViewModel.swift */,
			);
			path = ViewModel;
			sourceTree = "<group>";
		};
		A97718F12869D7FB006B2C78 /* Normal User App */ = {
			isa = PBXGroup;
			children = (
				A97718F42869D84D006B2C78 /* Dashboard */,
			);
			path = "Normal User App";
			sourceTree = "<group>";
		};
		A97718F22869D804006B2C78 /* Vendor App */ = {
			isa = PBXGroup;
			children = (
				A9771925286B4941006B2C78 /* Dashboard */,
			);
			path = "Vendor App";
			sourceTree = "<group>";
		};
		A97718F32869D809006B2C78 /* Admin App */ = {
			isa = PBXGroup;
			children = (
			);
			path = "Admin App";
			sourceTree = "<group>";
		};
		A97718F42869D84D006B2C78 /* Dashboard */ = {
			isa = PBXGroup;
			children = (
				A97719092869D9F9006B2C78 /* More */,
				A97719082869D9F5006B2C78 /* Search */,
				A97719072869D9EA006B2C78 /* Cart */,
				A97719062869D9E5006B2C78 /* Home */,
			);
			path = Dashboard;
			sourceTree = "<group>";
		};
		A97719062869D9E5006B2C78 /* Home */ = {
			isa = PBXGroup;
			children = (
				A977190B2869DA20006B2C78 /* Viewcontroller */,
				A977190A2869DA1A006B2C78 /* Storyboard */,
			);
			path = Home;
			sourceTree = "<group>";
		};
		A97719072869D9EA006B2C78 /* Cart */ = {
			isa = PBXGroup;
			children = (
				A97719112869DA65006B2C78 /* Viewcontroller */,
				A97719102869DA5F006B2C78 /* Storyboard */,
			);
			path = Cart;
			sourceTree = "<group>";
		};
		A97719082869D9F5006B2C78 /* Search */ = {
			isa = PBXGroup;
			children = (
				A97719172869DA8C006B2C78 /* Viewcontroller */,
				A97719162869DA82006B2C78 /* Storyboard */,
			);
			path = Search;
			sourceTree = "<group>";
		};
		A97719092869D9F9006B2C78 /* More */ = {
			isa = PBXGroup;
			children = (
				A977191D2869DAD4006B2C78 /* ViewController */,
				A977191C2869DACD006B2C78 /* Storyboard */,
			);
			path = More;
			sourceTree = "<group>";
		};
		A977190A2869DA1A006B2C78 /* Storyboard */ = {
			isa = PBXGroup;
			children = (
				A977190C2869DA2C006B2C78 /* Home.storyboard */,
			);
			path = Storyboard;
			sourceTree = "<group>";
		};
		A977190B2869DA20006B2C78 /* Viewcontroller */ = {
			isa = PBXGroup;
			children = (
				A977190E2869DA34006B2C78 /* HomeViewController.swift */,
			);
			path = Viewcontroller;
			sourceTree = "<group>";
		};
		A97719102869DA5F006B2C78 /* Storyboard */ = {
			isa = PBXGroup;
			children = (
				A97719122869DA6E006B2C78 /* Cart.storyboard */,
			);
			path = Storyboard;
			sourceTree = "<group>";
		};
		A97719112869DA65006B2C78 /* Viewcontroller */ = {
			isa = PBXGroup;
			children = (
				A97719142869DA75006B2C78 /* CartViewController.swift */,
			);
			path = Viewcontroller;
			sourceTree = "<group>";
		};
		A97719162869DA82006B2C78 /* Storyboard */ = {
			isa = PBXGroup;
			children = (
				A97719182869DA96006B2C78 /* Search.storyboard */,
			);
			path = Storyboard;
			sourceTree = "<group>";
		};
		A97719172869DA8C006B2C78 /* Viewcontroller */ = {
			isa = PBXGroup;
			children = (
				A977191A2869DA9F006B2C78 /* SearchViewController.swift */,
			);
			path = Viewcontroller;
			sourceTree = "<group>";
		};
		A977191C2869DACD006B2C78 /* Storyboard */ = {
			isa = PBXGroup;
			children = (
				A977191F2869DAE6006B2C78 /* More.storyboard */,
			);
			path = Storyboard;
			sourceTree = "<group>";
		};
		A977191D2869DAD4006B2C78 /* ViewController */ = {
			isa = PBXGroup;
			children = (
				A97719212869DAED006B2C78 /* MoreViewController.swift */,
			);
			path = ViewController;
			sourceTree = "<group>";
		};
		A9771925286B4941006B2C78 /* Dashboard */ = {
			isa = PBXGroup;
			children = (
				A9771929286B495C006B2C78 /* More */,
				A9771928286B4956006B2C78 /* Orders */,
				A9771927286B494F006B2C78 /* Products */,
				A9771926286B494B006B2C78 /* Home */,
			);
			path = Dashboard;
			sourceTree = "<group>";
		};
		A9771926286B494B006B2C78 /* Home */ = {
			isa = PBXGroup;
			children = (
				A977192B286B4983006B2C78 /* viewcontroller */,
				A977192A286B497A006B2C78 /* storyboard */,
			);
			path = Home;
			sourceTree = "<group>";
		};
		A9771927286B494F006B2C78 /* Products */ = {
			isa = PBXGroup;
			children = (
				A9771931286B49B7006B2C78 /* viewcontroller */,
				A9771930286B49B0006B2C78 /* storyboard */,
			);
			path = Products;
			sourceTree = "<group>";
		};
		A9771928286B4956006B2C78 /* Orders */ = {
			isa = PBXGroup;
			children = (
				A9771937286B49F2006B2C78 /* viewcontroller */,
				A9771936286B49E4006B2C78 /* storyboard */,
			);
			path = Orders;
			sourceTree = "<group>";
		};
		A9771929286B495C006B2C78 /* More */ = {
			isa = PBXGroup;
			children = (
				A977193D286B4A29006B2C78 /* viewcontroller */,
				A977193C286B4A20006B2C78 /* storyboard */,
			);
			path = More;
			sourceTree = "<group>";
		};
		A977192A286B497A006B2C78 /* storyboard */ = {
			isa = PBXGroup;
			children = (
				A977192C286B4994006B2C78 /* VendorHome.storyboard */,
			);
			path = storyboard;
			sourceTree = "<group>";
		};
		A977192B286B4983006B2C78 /* viewcontroller */ = {
			isa = PBXGroup;
			children = (
				A977192E286B499F006B2C78 /* VendorHomeViewController.swift */,
			);
			path = viewcontroller;
			sourceTree = "<group>";
		};
		A9771930286B49B0006B2C78 /* storyboard */ = {
			isa = PBXGroup;
			children = (
				A9771932286B49C8006B2C78 /* VendorProducts.storyboard */,
			);
			path = storyboard;
			sourceTree = "<group>";
		};
		A9771931286B49B7006B2C78 /* viewcontroller */ = {
			isa = PBXGroup;
			children = (
				A9771934286B49CF006B2C78 /* VendorProductsViewController.swift */,
			);
			path = viewcontroller;
			sourceTree = "<group>";
		};
		A9771936286B49E4006B2C78 /* storyboard */ = {
			isa = PBXGroup;
			children = (
				A9771938286B4A09006B2C78 /* VendorOrders.storyboard */,
			);
			path = storyboard;
			sourceTree = "<group>";
		};
		A9771937286B49F2006B2C78 /* viewcontroller */ = {
			isa = PBXGroup;
			children = (
				A977193A286B4A11006B2C78 /* VendorOrdersViewController.swift */,
			);
			path = viewcontroller;
			sourceTree = "<group>";
		};
		A977193C286B4A20006B2C78 /* storyboard */ = {
			isa = PBXGroup;
			children = (
				A977193E286B4A38006B2C78 /* VendorMore.storyboard */,
			);
			path = storyboard;
			sourceTree = "<group>";
		};
		A977193D286B4A29006B2C78 /* viewcontroller */ = {
			isa = PBXGroup;
			children = (
				A9771940286B4A42006B2C78 /* VendorMoreViewController.swift */,
			);
			path = viewcontroller;
			sourceTree = "<group>";
		};
		C96724B5822CDB397C0235C2 /* Frameworks */ = {
			isa = PBXGroup;
			children = (
				49BE9B9159D3F896E2655D05 /* Pods_Medicare.framework */,
			);
			name = Frameworks;
			sourceTree = "<group>";
		};
/* End PBXGroup section */

/* Begin PBXNativeTarget section */
		19BE2489AE6DBF6488EF17FD /* Medicare */ = {
			isa = PBXNativeTarget;
			buildConfigurationList = 19BE222FFE67AAF00E7BEE9E /* Build configuration list for PBXNativeTarget "Medicare" */;
			buildPhases = (
				C243D968931BE9AE5D416A03 /* [CP] Check Pods Manifest.lock */,
				19BE2AE675EB82FF4EBBEE7F /* Sources */,
				19BE2888443655C628C517B0 /* Frameworks */,
				19BE245D60EB7F7C434C6BE5 /* Resources */,
				5088AF07DF538F5731A67142 /* [CP] Embed Pods Frameworks */,
			);
			buildRules = (
			);
			dependencies = (
			);
			name = Medicare;
			productName = Medicare;
			productReference = 19BE2E7EE4DD36221732B811 /* Medicare.app */;
			productType = "com.apple.product-type.application";
		};
/* End PBXNativeTarget section */

/* Begin PBXProject section */
		19BE203CA8301BC4547C49D7 /* Project object */ = {
			isa = PBXProject;
			attributes = {
			};
			buildConfigurationList = 19BE2B17EB803EB4CDBAE458 /* Build configuration list for PBXProject "Medicare" */;
			compatibilityVersion = "Xcode 3.2";
			developmentRegion = English;
			hasScannedForEncodings = 0;
			knownRegions = (
				English,
				en,
				Base,
			);
			mainGroup = 19BE2D502FE0F158C61916C7;
			productRefGroup = 19BE280EF145226CB5F6A747 /* Products */;
			projectDirPath = "";
			projectRoot = "";
			targets = (
				19BE2489AE6DBF6488EF17FD /* Medicare */,
			);
		};
/* End PBXProject section */

/* Begin PBXResourcesBuildPhase section */
		19BE245D60EB7F7C434C6BE5 /* Resources */ = {
			isa = PBXResourcesBuildPhase;
			buildActionMask = 2147483647;
			files = (
				A96FF6F228682136005DAEB0 /* Montserrat-ExtraBold.ttf in Resources */,
				A97719132869DA6E006B2C78 /* Cart.storyboard in Resources */,
				A9771933286B49C8006B2C78 /* VendorProducts.storyboard in Resources */,
				A977193F286B4A38006B2C78 /* VendorMore.storyboard in Resources */,
				A96FF6F128682136005DAEB0 /* Montserrat-Regular.ttf in Resources */,
				A977192D286B4995006B2C78 /* VendorHome.storyboard in Resources */,
				A96FF6F828686AF7005DAEB0 /* Register.storyboard in Resources */,
				A97719192869DA96006B2C78 /* Search.storyboard in Resources */,
				19BE2C3C63163FF0E0CAAC2E /* Assets.xcassets in Resources */,
				A96FF6F328682136005DAEB0 /* Montserrat-Italic.ttf in Resources */,
				A9771939286B4A09006B2C78 /* VendorOrders.storyboard in Resources */,
				19BE2ED67B4607B0BC516C4D /* LaunchScreen.storyboard in Resources */,
				A96FF6F028682136005DAEB0 /* Montserrat-Bold.ttf in Resources */,
				A977190D2869DA2C006B2C78 /* Home.storyboard in Resources */,
				A97719202869DAE6006B2C78 /* More.storyboard in Resources */,
			);
			runOnlyForDeploymentPostprocessing = 0;
		};
/* End PBXResourcesBuildPhase section */

/* Begin PBXShellScriptBuildPhase section */
		5088AF07DF538F5731A67142 /* [CP] Embed Pods Frameworks */ = {
			isa = PBXShellScriptBuildPhase;
			buildActionMask = 2147483647;
			files = (
			);
			inputPaths = (
				"${PODS_ROOT}/Target Support Files/Pods-Medicare/Pods-Medicare-frameworks.sh",
				"${BUILT_PRODUCTS_DIR}/Alamofire/Alamofire.framework",
				"${BUILT_PRODUCTS_DIR}/AlamofireObjectMapper/AlamofireObjectMapper.framework",
				"${BUILT_PRODUCTS_DIR}/ObjectMapper/ObjectMapper.framework",
			);
			name = "[CP] Embed Pods Frameworks";
			outputPaths = (
				"${TARGET_BUILD_DIR}/${FRAMEWORKS_FOLDER_PATH}/Alamofire.framework",
				"${TARGET_BUILD_DIR}/${FRAMEWORKS_FOLDER_PATH}/AlamofireObjectMapper.framework",
				"${TARGET_BUILD_DIR}/${FRAMEWORKS_FOLDER_PATH}/ObjectMapper.framework",
			);
			runOnlyForDeploymentPostprocessing = 0;
			shellPath = /bin/sh;
			shellScript = "\"${PODS_ROOT}/Target Support Files/Pods-Medicare/Pods-Medicare-frameworks.sh\"\n";
			showEnvVarsInLog = 0;
		};
		C243D968931BE9AE5D416A03 /* [CP] Check Pods Manifest.lock */ = {
			isa = PBXShellScriptBuildPhase;
			buildActionMask = 2147483647;
			files = (
			);
			inputFileListPaths = (
			);
			inputPaths = (
				"${PODS_PODFILE_DIR_PATH}/Podfile.lock",
				"${PODS_ROOT}/Manifest.lock",
			);
			name = "[CP] Check Pods Manifest.lock";
			outputFileListPaths = (
			);
			outputPaths = (
				"$(DERIVED_FILE_DIR)/Pods-Medicare-checkManifestLockResult.txt",
			);
			runOnlyForDeploymentPostprocessing = 0;
			shellPath = /bin/sh;
			shellScript = "diff \"${PODS_PODFILE_DIR_PATH}/Podfile.lock\" \"${PODS_ROOT}/Manifest.lock\" > /dev/null\nif [ $? != 0 ] ; then\n    # print error to STDERR\n    echo \"error: The sandbox is not in sync with the Podfile.lock. Run 'pod install' or update your CocoaPods installation.\" >&2\n    exit 1\nfi\n# This output is used by Xcode 'outputs' to avoid re-running this script phase.\necho \"SUCCESS\" > \"${SCRIPT_OUTPUT_FILE_0}\"\n";
			showEnvVarsInLog = 0;
		};
/* End PBXShellScriptBuildPhase section */

/* Begin PBXSourcesBuildPhase section */
		19BE2AE675EB82FF4EBBEE7F /* Sources */ = {
			isa = PBXSourcesBuildPhase;
			buildActionMask = 2147483647;
			files = (
				A96FF6EA28681FC8005DAEB0 /* LoginView.swift in Sources */,
				A96FF704286877F0005DAEB0 /* Constants.swift in Sources */,
				19BE2B21DB9973A0C3B19B7B /* AppDelegate.swift in Sources */,
				A96FF6FA28686B45005DAEB0 /* RegisterViewController.swift in Sources */,
				A977193B286B4A11006B2C78 /* VendorOrdersViewController.swift in Sources */,
				A9771935286B49CF006B2C78 /* VendorProductsViewController.swift in Sources */,
				A97719242869DBA6006B2C78 /* Spinner.swift in Sources */,
				A97719152869DA75006B2C78 /* CartViewController.swift in Sources */,
				19BE2E05634DDA78E8443CF9 /* Medicare.xcdatamodeld in Sources */,
				A96FF6FD286872C6005DAEB0 /* LoginResponseModel.swift in Sources */,
				A97719222869DAED006B2C78 /* MoreViewController.swift in Sources */,
				19BE2981BC1D792B70F481ED /* ViewController.swift in Sources */,
				A977191B2869DA9F006B2C78 /* SearchViewController.swift in Sources */,
				A9771941286B4A42006B2C78 /* VendorMoreViewController.swift in Sources */,
				A977190F2869DA34006B2C78 /* HomeViewController.swift in Sources */,
				A96FF6E828681F09005DAEB0 /* LoginViewController.swift in Sources */,
				A96FF702286877D6005DAEB0 /* LoginViewModel.swift in Sources */,
				A96FF6E428681E65005DAEB0 /* Extensions.swift in Sources */,
				A977192F286B499F006B2C78 /* VendorHomeViewController.swift in Sources */,
			);
			runOnlyForDeploymentPostprocessing = 0;
		};
/* End PBXSourcesBuildPhase section */

/* Begin PBXVariantGroup section */
		19BE269FD22A50BCF4FEEB53 /* LaunchScreen.storyboard */ = {
			isa = PBXVariantGroup;
			children = (
				19BE25DBAF8243AC4F14310B /* Base */,
			);
			name = LaunchScreen.storyboard;
			sourceTree = "<group>";
		};
/* End PBXVariantGroup section */

/* Begin XCBuildConfiguration section */
		19BE279C26E383A994F9D276 /* Release */ = {
			isa = XCBuildConfiguration;
			baseConfigurationReference = FFCCA895342D70C366279517 /* Pods-Medicare.release.xcconfig */;
			buildSettings = {
				ASSETCATALOG_COMPILER_APPICON_NAME = AppIcon;
				ASSETCATALOG_COMPILER_GLOBAL_ACCENT_COLOR_NAME = AccentColor;
				CURRENT_PROJECT_VERSION = 1;
				GENERATE_INFOPLIST_FILE = YES;
				INFOPLIST_FILE = Medicare/Info.plist;
				INFOPLIST_KEY_UIApplicationSupportsIndirectInputEvents = YES;
				INFOPLIST_KEY_UILaunchStoryboardName = LaunchScreen;
				INFOPLIST_KEY_UISupportedInterfaceOrientations_iPad = "UIInterfaceOrientationPortrait UIInterfaceOrientationPortraitUpsideDown UIInterfaceOrientationLandscapeLeft UIInterfaceOrientationLandscapeRight";
				INFOPLIST_KEY_UISupportedInterfaceOrientations_iPhone = "UIInterfaceOrientationPortrait UIInterfaceOrientationLandscapeLeft UIInterfaceOrientationLandscapeRight";
				LD_RUNPATH_SEARCH_PATHS = "$(inherited) @executable_path/Frameworks";
				MARKETING_VERSION = 1.0;
				PRODUCT_BUNDLE_IDENTIFIER = com.personalproject.Medicare;
				PRODUCT_NAME = "$(TARGET_NAME)";
				SWIFT_EMIT_LOC_STRINGS = YES;
				SWIFT_VERSION = 5.0;
				TARGETED_DEVICE_FAMILY = "1,2";
			};
			name = Release;
		};
		19BE2AEF9DA9647776B3E2A0 /* Release */ = {
			isa = XCBuildConfiguration;
			buildSettings = {
				ALWAYS_SEARCH_USER_PATHS = NO;
				CLANG_ANALYZER_NONNULL = YES;
				CLANG_ANALYZER_NUMBER_OBJECT_CONVERSION = YES_AGGRESSIVE;
				CLANG_CXX_LANGUAGE_STANDARD = "gnu++17";
				CLANG_CXX_LIBRARY = "libc++";
				CLANG_ENABLE_MODULES = YES;
				CLANG_ENABLE_OBJC_ARC = YES;
				CLANG_ENABLE_OBJC_WEAK = YES;
				CLANG_WARN_BLOCK_CAPTURE_AUTORELEASING = YES;
				CLANG_WARN_BOOL_CONVERSION = YES;
				CLANG_WARN_COMMA = YES;
				CLANG_WARN_CONSTANT_CONVERSION = YES;
				CLANG_WARN_DEPRECATED_OBJC_IMPLEMENTATIONS = YES;
				CLANG_WARN_DIRECT_OBJC_ISA_USAGE = YES_ERROR;
				CLANG_WARN_DOCUMENTATION_COMMENTS = YES;
				CLANG_WARN_EMPTY_BODY = YES;
				CLANG_WARN_ENUM_CONVERSION = YES;
				CLANG_WARN_INFINITE_RECURSION = YES;
				CLANG_WARN_INT_CONVERSION = YES;
				CLANG_WARN_NON_LITERAL_NULL_CONVERSION = YES;
				CLANG_WARN_OBJC_IMPLICIT_RETAIN_SELF = YES;
				CLANG_WARN_OBJC_LITERAL_CONVERSION = YES;
				CLANG_WARN_OBJC_ROOT_CLASS = YES_ERROR;
				CLANG_WARN_QUOTED_INCLUDE_IN_FRAMEWORK_HEADER = YES;
				CLANG_WARN_RANGE_LOOP_ANALYSIS = YES;
				CLANG_WARN_STRICT_PROTOTYPES = YES;
				CLANG_WARN_SUSPICIOUS_MOVE = YES;
				CLANG_WARN_UNGUARDED_AVAILABILITY = YES_AGGRESSIVE;
				CLANG_WARN_UNREACHABLE_CODE = YES;
				CLANG_WARN__DUPLICATE_METHOD_MATCH = YES;
				COPY_PHASE_STRIP = NO;
				DEBUG_INFORMATION_FORMAT = "dwarf-with-dsym";
				ENABLE_NS_ASSERTIONS = NO;
				ENABLE_STRICT_OBJC_MSGSEND = YES;
				GCC_C_LANGUAGE_STANDARD = gnu11;
				GCC_NO_COMMON_BLOCKS = YES;
				GCC_WARN_64_TO_32_BIT_CONVERSION = YES;
				GCC_WARN_ABOUT_RETURN_TYPE = YES_ERROR;
				GCC_WARN_UNDECLARED_SELECTOR = YES;
				GCC_WARN_UNINITIALIZED_AUTOS = YES_AGGRESSIVE;
				GCC_WARN_UNUSED_FUNCTION = YES;
				GCC_WARN_UNUSED_VARIABLE = YES;
				IPHONEOS_DEPLOYMENT_TARGET = 15.2;
				MTL_ENABLE_DEBUG_INFO = NO;
				MTL_FAST_MATH = YES;
				SDKROOT = iphoneos;
				SWIFT_OPTIMIZATION_LEVEL = "-Owholemodule";
				VALIDATE_PRODUCT = YES;
			};
			name = Release;
		};
		19BE2B86BA6EFCBD479FFF31 /* Debug */ = {
			isa = XCBuildConfiguration;
			buildSettings = {
				ALWAYS_SEARCH_USER_PATHS = NO;
				CLANG_ANALYZER_NONNULL = YES;
				CLANG_ANALYZER_NUMBER_OBJECT_CONVERSION = YES_AGGRESSIVE;
				CLANG_CXX_LANGUAGE_STANDARD = "gnu++17";
				CLANG_CXX_LIBRARY = "libc++";
				CLANG_ENABLE_MODULES = YES;
				CLANG_ENABLE_OBJC_ARC = YES;
				CLANG_ENABLE_OBJC_WEAK = YES;
				CLANG_WARN_BLOCK_CAPTURE_AUTORELEASING = YES;
				CLANG_WARN_BOOL_CONVERSION = YES;
				CLANG_WARN_COMMA = YES;
				CLANG_WARN_CONSTANT_CONVERSION = YES;
				CLANG_WARN_DEPRECATED_OBJC_IMPLEMENTATIONS = YES;
				CLANG_WARN_DIRECT_OBJC_ISA_USAGE = YES_ERROR;
				CLANG_WARN_DOCUMENTATION_COMMENTS = YES;
				CLANG_WARN_EMPTY_BODY = YES;
				CLANG_WARN_ENUM_CONVERSION = YES;
				CLANG_WARN_INFINITE_RECURSION = YES;
				CLANG_WARN_INT_CONVERSION = YES;
				CLANG_WARN_NON_LITERAL_NULL_CONVERSION = YES;
				CLANG_WARN_OBJC_IMPLICIT_RETAIN_SELF = YES;
				CLANG_WARN_OBJC_LITERAL_CONVERSION = YES;
				CLANG_WARN_OBJC_ROOT_CLASS = YES_ERROR;
				CLANG_WARN_QUOTED_INCLUDE_IN_FRAMEWORK_HEADER = YES;
				CLANG_WARN_RANGE_LOOP_ANALYSIS = YES;
				CLANG_WARN_STRICT_PROTOTYPES = YES;
				CLANG_WARN_SUSPICIOUS_MOVE = YES;
				CLANG_WARN_UNGUARDED_AVAILABILITY = YES_AGGRESSIVE;
				CLANG_WARN_UNREACHABLE_CODE = YES;
				CLANG_WARN__DUPLICATE_METHOD_MATCH = YES;
				COPY_PHASE_STRIP = NO;
				DEBUG_INFORMATION_FORMAT = dwarf;
				ENABLE_STRICT_OBJC_MSGSEND = YES;
				ENABLE_TESTABILITY = YES;
				GCC_C_LANGUAGE_STANDARD = gnu11;
				GCC_DYNAMIC_NO_PIC = NO;
				GCC_NO_COMMON_BLOCKS = YES;
				GCC_OPTIMIZATION_LEVEL = 0;
				GCC_PREPROCESSOR_DEFINITIONS = (
					"DEBUG=1",
					"$(inherited)",
				);
				GCC_WARN_64_TO_32_BIT_CONVERSION = YES;
				GCC_WARN_ABOUT_RETURN_TYPE = YES_ERROR;
				GCC_WARN_UNDECLARED_SELECTOR = YES;
				GCC_WARN_UNINITIALIZED_AUTOS = YES_AGGRESSIVE;
				GCC_WARN_UNUSED_FUNCTION = YES;
				GCC_WARN_UNUSED_VARIABLE = YES;
				IPHONEOS_DEPLOYMENT_TARGET = 15.2;
				MTL_ENABLE_DEBUG_INFO = INCLUDE_SOURCE;
				MTL_FAST_MATH = YES;
				ONLY_ACTIVE_ARCH = YES;
				SDKROOT = iphoneos;
				SWIFT_ACTIVE_COMPILATION_CONDITIONS = DEBUG;
				SWIFT_OPTIMIZATION_LEVEL = "-Onone";
			};
			name = Debug;
		};
		19BE2F6379B2335990D827AB /* Debug */ = {
			isa = XCBuildConfiguration;
			baseConfigurationReference = 566204411894E8267EECDB49 /* Pods-Medicare.debug.xcconfig */;
			buildSettings = {
				ASSETCATALOG_COMPILER_APPICON_NAME = AppIcon;
				ASSETCATALOG_COMPILER_GLOBAL_ACCENT_COLOR_NAME = AccentColor;
				CURRENT_PROJECT_VERSION = 1;
				GENERATE_INFOPLIST_FILE = YES;
				INFOPLIST_FILE = Medicare/Info.plist;
				INFOPLIST_KEY_UIApplicationSupportsIndirectInputEvents = YES;
				INFOPLIST_KEY_UILaunchStoryboardName = LaunchScreen;
				INFOPLIST_KEY_UISupportedInterfaceOrientations_iPad = "UIInterfaceOrientationPortrait UIInterfaceOrientationPortraitUpsideDown UIInterfaceOrientationLandscapeLeft UIInterfaceOrientationLandscapeRight";
				INFOPLIST_KEY_UISupportedInterfaceOrientations_iPhone = "UIInterfaceOrientationPortrait UIInterfaceOrientationLandscapeLeft UIInterfaceOrientationLandscapeRight";
				LD_RUNPATH_SEARCH_PATHS = "$(inherited) @executable_path/Frameworks";
				MARKETING_VERSION = 1.0;
				PRODUCT_BUNDLE_IDENTIFIER = com.personalproject.Medicare;
				PRODUCT_NAME = "$(TARGET_NAME)";
				SWIFT_EMIT_LOC_STRINGS = YES;
				SWIFT_VERSION = 5.0;
				TARGETED_DEVICE_FAMILY = "1,2";
			};
			name = Debug;
		};
/* End XCBuildConfiguration section */

/* Begin XCConfigurationList section */
		19BE222FFE67AAF00E7BEE9E /* Build configuration list for PBXNativeTarget "Medicare" */ = {
			isa = XCConfigurationList;
			buildConfigurations = (
				19BE2F6379B2335990D827AB /* Debug */,
				19BE279C26E383A994F9D276 /* Release */,
			);
			defaultConfigurationIsVisible = 0;
			defaultConfigurationName = Release;
		};
		19BE2B17EB803EB4CDBAE458 /* Build configuration list for PBXProject "Medicare" */ = {
			isa = XCConfigurationList;
			buildConfigurations = (
				19BE2B86BA6EFCBD479FFF31 /* Debug */,
				19BE2AEF9DA9647776B3E2A0 /* Release */,
			);
			defaultConfigurationIsVisible = 0;
			defaultConfigurationName = Release;
		};
/* End XCConfigurationList section */

/* Begin XCVersionGroup section */
		19BE2364CCF1278FB29470D9 /* Medicare.xcdatamodeld */ = {
			isa = XCVersionGroup;
			children = (
				19BE277A56AA79EC5C31C24D /* Medicare.xcdatamodel */,
			);
			currentVersion = 19BE277A56AA79EC5C31C24D /* Medicare.xcdatamodel */;
			path = Medicare.xcdatamodeld;
			sourceTree = "<group>";
			versionGroupType = wrapper.xcdatamodel;
		};
/* End XCVersionGroup section */
	};
	rootObject = 19BE203CA8301BC4547C49D7 /* Project object */;
}
